
Microsoft Visual Studio Solution File, Format Version 12.00
# Visual Studio Version 17
VisualStudioVersion = 17.7.34031.279
MinimumVisualStudioVersion = 10.0.40219.1
Project("{FAE04EC0-301F-11D3-BF4B-00C04F79EFBC}") = "Assignment_1", "Assignment_1\Assignment_1.csproj", "{B21C3C4B-FEE3-445D-8673-476C473F8094}"
EndProject
Global
	GlobalSection(SolutionConfigurationPlatforms) = preSolution
		Debug|Any CPU = Debug|Any CPU
		Release|Any CPU = Release|Any CPU
	EndGlobalSection
	GlobalSection(ProjectConfigurationPlatforms) = postSolution
		{B21C3C4B-FEE3-445D-8673-476C473F8094}.Debug|Any CPU.ActiveCfg = Debug|Any CPU
		{B21C3C4B-FEE3-445D-8673-476C473F8094}.Debug|Any CPU.Build.0 = Debug|Any CPU
		{B21C3C4B-FEE3-445D-8673-476C473F8094}.Release|Any CPU.ActiveCfg = Release|Any CPU
		{B21C3C4B-FEE3-445D-8673-476C473F8094}.Release|Any CPU.Build.0 = Release|Any CPU
	EndGlobalSection
	GlobalSection(SolutionProperties) = preSolution
		HideSolutionNode = FALSE
	EndGlobalSection
	GlobalSection(ExtensibilityGlobals) = postSolution
		SolutionGuid = {21A7B799-7553-4874-8B2D-7B461E1F616D}
	EndGlobalSection
EndGlobal
